{
  "name": "biz-agent-skills-packages",
  "version": "1.0.0",
  "lockfileVersion": 3,
  "requires": true,
  "packages": {
    "": {
      "name": "biz-agent-skills-packages",
      "version": "1.0.0",
      "license": "MIT",
      "workspaces": [
        "packages/*"
      ]
    },
    "node_modules/@nishitsujiyouhei/nanobanana": {
      "resolved": "packages/nanobanana",
      "link": true
    },
    "node_modules/@nishitsujiyouhei/remotion-best-practices": {
      "resolved": "packages/remotion-best-practices",
      "link": true
    },
    "packages/nanobanana": {
      "name": "@nishitsujiyouhei/nanobanana",
      "version": "1.0.0",
      "license": "MIT",
      "bin": {
        "nanobanana": "bin/nanobanana.js"
      },
      "engines": {
        "node": ">=18.0.0"
      }
    },
    "packages/remotion-best-practices": {
      "name": "@nishitsujiyouhei/remotion-best-practices",
      "version": "1.0.0",
      "hasInstallScript": true,
      "license": "MIT",
      "bin": {
        "remotion-bp": "bin/remotion-bp.js"
      },
      "engines": {
        "node": ">=18.0.0"
      }
    }
  }
}
